
Microsoft Visual Studio Solution File, Format Version 12.00
# Visual Studio Version 18
VisualStudioVersion = 18.3.11512.155 d18.3
MinimumVisualStudioVersion = 10.0.40219.1
Project("{FAE04EC0-301F-11D3-BF4B-00C04F79EFBC}") = "SuperSocketLite", "SuperSocketLite.csproj", "{FCBC69E2-5FC2-3FAF-7FA0-52794AF0E669}"
EndProject
Global
	GlobalSection(SolutionConfigurationPlatforms) = preSolution
		Debug|Any CPU = Debug|Any CPU
		Release|Any CPU = Release|Any CPU
	EndGlobalSection
	GlobalSection(ProjectConfigurationPlatforms) = postSolution
		{FCBC69E2-5FC2-3FAF-7FA0-52794AF0E669}.Debug|Any CPU.ActiveCfg = Debug|Any CPU
		{FCBC69E2-5FC2-3FAF-7FA0-52794AF0E669}.Debug|Any CPU.Build.0 = Debug|Any CPU
		{FCBC69E2-5FC2-3FAF-7FA0-52794AF0E669}.Release|Any CPU.ActiveCfg = Release|Any CPU
		{FCBC69E2-5FC2-3FAF-7FA0-52794AF0E669}.Release|Any CPU.Build.0 = Release|Any CPU
	EndGlobalSection
	GlobalSection(SolutionProperties) = preSolution
		HideSolutionNode = FALSE
	EndGlobalSection
	GlobalSection(ExtensibilityGlobals) = postSolution
		SolutionGuid = {CFC17ED4-1519-49ED-A18E-1DB4C77959DF}
	EndGlobalSection
EndGlobal
