
Microsoft Visual Studio Solution File, Format Version 12.00
# Visual Studio Version 17
VisualStudioVersion = 17.8.34316.72
MinimumVisualStudioVersion = 10.0.40219.1
Project("{9A19103F-16F7-4668-BE54-9A1E7A4F7556}") = "BinaryPacketServer", "BinaryPacketServer\BinaryPacketServer.csproj", "{56E3290B-6D69-4BC7-AFE7-0CBEC294A779}"
EndProject
Project("{9A19103F-16F7-4668-BE54-9A1E7A4F7556}") = "SuperSocketLite", "..\SuperSocketLite\SuperSocketLite.csproj", "{9E78E8DF-A55F-4F25-A06F-CCBF8B3A83FF}"
EndProject
Project("{9A19103F-16F7-4668-BE54-9A1E7A4F7556}") = "ChatServer", "ChatServer\ChatServer.csproj", "{BCD7BA7C-5515-44D3-B505-0A956FC7B861}"
EndProject
Project("{9A19103F-16F7-4668-BE54-9A1E7A4F7556}") = "ChatServerEx", "ChatServerEx\ChatServerEx.csproj", "{03E30FBF-99E2-4430-98E4-F97018BA96F4}"
EndProject
Project("{9A19103F-16F7-4668-BE54-9A1E7A4F7556}") = "EchoServer", "EchoServer\EchoServer.csproj", "{4E7F99D9-BBC7-4686-AF4C-7249165C0057}"
EndProject
Project("{9A19103F-16F7-4668-BE54-9A1E7A4F7556}") = "EchoServer_GenericHost", "EchoServer_GenericHost\EchoServer_GenericHost.csproj", "{8BBC6676-77A9-482F-A118-1121B614ADA2}"
EndProject
Project("{9A19103F-16F7-4668-BE54-9A1E7A4F7556}") = "EchoServerEx", "EchoServerEx\EchoServerEx.csproj", "{F985D3A1-C708-4355-873D-064E4EEA1463}"
EndProject
Project("{9A19103F-16F7-4668-BE54-9A1E7A4F7556}") = "GameServer", "GameServer_MoDedicated\GameServer.csproj", "{0FDE94D6-35E5-4106-9354-06252E1F30F8}"
EndProject
Project("{9A19103F-16F7-4668-BE54-9A1E7A4F7556}") = "MultiPortServer", "MultiPortServer\MultiPortServer.csproj", "{5E1AFDE1-9898-40AA-B991-953866A8689A}"
EndProject
Project("{9A19103F-16F7-4668-BE54-9A1E7A4F7556}") = "PvPGameServer", "PvPGameServer\PvPGameServer.csproj", "{FCFCEC3A-A0C4-4C18-B5D4-78B51848FFBB}"
EndProject
Project("{9A19103F-16F7-4668-BE54-9A1E7A4F7556}") = "sendFailTestServer", "sendFailTestServer\sendFailTestServer.csproj", "{1422A349-4036-4647-8E87-A214B40C3B7D}"
EndProject
Project("{9A19103F-16F7-4668-BE54-9A1E7A4F7556}") = "SimpleUDPServer", "SimpleUDPServer\SimpleUDPServer.csproj", "{E7AF92A8-66F8-41C1-8EC2-C02236978992}"
EndProject
Project("{FAE04EC0-301F-11D3-BF4B-00C04F79EFBC}") = "EchoServer_NuGet", "EchoServer_NuGet\EchoServer_NuGet.csproj", "{BC791E78-80C3-4284-B022-E7A54637C441}"
EndProject
Global
	GlobalSection(SolutionConfigurationPlatforms) = preSolution
		Debug|Any CPU = Debug|Any CPU
		Debug|x64 = Debug|x64
		Debug|x86 = Debug|x86
		Release|Any CPU = Release|Any CPU
		Release|x64 = Release|x64
		Release|x86 = Release|x86
	EndGlobalSection
	GlobalSection(ProjectConfigurationPlatforms) = postSolution
		{56E3290B-6D69-4BC7-AFE7-0CBEC294A779}.Debug|Any CPU.ActiveCfg = Debug|Any CPU
		{56E3290B-6D69-4BC7-AFE7-0CBEC294A779}.Debug|Any CPU.Build.0 = Debug|Any CPU
		{56E3290B-6D69-4BC7-AFE7-0CBEC294A779}.Debug|x64.ActiveCfg = Debug|Any CPU
		{56E3290B-6D69-4BC7-AFE7-0CBEC294A779}.Debug|x64.Build.0 = Debug|Any CPU
		{56E3290B-6D69-4BC7-AFE7-0CBEC294A779}.Debug|x86.ActiveCfg = Debug|Any CPU
		{56E3290B-6D69-4BC7-AFE7-0CBEC294A779}.Debug|x86.Build.0 = Debug|Any CPU
		{56E3290B-6D69-4BC7-AFE7-0CBEC294A779}.Release|Any CPU.ActiveCfg = Release|Any CPU
		{56E3290B-6D69-4BC7-AFE7-0CBEC294A779}.Release|Any CPU.Build.0 = Release|Any CPU
		{56E3290B-6D69-4BC7-AFE7-0CBEC294A779}.Release|x64.ActiveCfg = Release|Any CPU
		{56E3290B-6D69-4BC7-AFE7-0CBEC294A779}.Release|x64.Build.0 = Release|Any CPU
		{56E3290B-6D69-4BC7-AFE7-0CBEC294A779}.Release|x86.ActiveCfg = Release|Any CPU
		{56E3290B-6D69-4BC7-AFE7-0CBEC294A779}.Release|x86.Build.0 = Release|Any CPU
		{9E78E8DF-A55F-4F25-A06F-CCBF8B3A83FF}.Debug|Any CPU.ActiveCfg = Debug|Any CPU
		{9E78E8DF-A55F-4F25-A06F-CCBF8B3A83FF}.Debug|Any CPU.Build.0 = Debug|Any CPU
		{9E78E8DF-A55F-4F25-A06F-CCBF8B3A83FF}.Debug|x64.ActiveCfg = Debug|Any CPU
		{9E78E8DF-A55F-4F25-A06F-CCBF8B3A83FF}.Debug|x64.Build.0 = Debug|Any CPU
		{9E78E8DF-A55F-4F25-A06F-CCBF8B3A83FF}.Debug|x86.ActiveCfg = Debug|Any CPU
		{9E78E8DF-A55F-4F25-A06F-CCBF8B3A83FF}.Debug|x86.Build.0 = Debug|Any CPU
		{9E78E8DF-A55F-4F25-A06F-CCBF8B3A83FF}.Release|Any CPU.ActiveCfg = Release|Any CPU
		{9E78E8DF-A55F-4F25-A06F-CCBF8B3A83FF}.Release|Any CPU.Build.0 = Release|Any CPU
		{9E78E8DF-A55F-4F25-A06F-CCBF8B3A83FF}.Release|x64.ActiveCfg = Release|Any CPU
		{9E78E8DF-A55F-4F25-A06F-CCBF8B3A83FF}.Release|x64.Build.0 = Release|Any CPU
		{9E78E8DF-A55F-4F25-A06F-CCBF8B3A83FF}.Release|x86.ActiveCfg = Release|Any CPU
		{9E78E8DF-A55F-4F25-A06F-CCBF8B3A83FF}.Release|x86.Build.0 = Release|Any CPU
		{BCD7BA7C-5515-44D3-B505-0A956FC7B861}.Debug|Any CPU.ActiveCfg = Debug|Any CPU
		{BCD7BA7C-5515-44D3-B505-0A956FC7B861}.Debug|Any CPU.Build.0 = Debug|Any CPU
		{BCD7BA7C-5515-44D3-B505-0A956FC7B861}.Debug|x64.ActiveCfg = Debug|Any CPU
		{BCD7BA7C-5515-44D3-B505-0A956FC7B861}.Debug|x64.Build.0 = Debug|Any CPU
		{BCD7BA7C-5515-44D3-B505-0A956FC7B861}.Debug|x86.ActiveCfg = Debug|Any CPU
		{BCD7BA7C-5515-44D3-B505-0A956FC7B861}.Debug|x86.Build.0 = Debug|Any CPU
		{BCD7BA7C-5515-44D3-B505-0A956FC7B861}.Release|Any CPU.ActiveCfg = Release|Any CPU
		{BCD7BA7C-5515-44D3-B505-0A956FC7B861}.Release|Any CPU.Build.0 = Release|Any CPU
		{BCD7BA7C-5515-44D3-B505-0A956FC7B861}.Release|x64.ActiveCfg = Release|Any CPU
		{BCD7BA7C-5515-44D3-B505-0A956FC7B861}.Release|x64.Build.0 = Release|Any CPU
		{BCD7BA7C-5515-44D3-B505-0A956FC7B861}.Release|x86.ActiveCfg = Release|Any CPU
		{BCD7BA7C-5515-44D3-B505-0A956FC7B861}.Release|x86.Build.0 = Release|Any CPU
		{03E30FBF-99E2-4430-98E4-F97018BA96F4}.Debug|Any CPU.ActiveCfg = Debug|Any CPU
		{03E30FBF-99E2-4430-98E4-F97018BA96F4}.Debug|Any CPU.Build.0 = Debug|Any CPU
		{03E30FBF-99E2-4430-98E4-F97018BA96F4}.Debug|x64.ActiveCfg = Debug|Any CPU
		{03E30FBF-99E2-4430-98E4-F97018BA96F4}.Debug|x64.Build.0 = Debug|Any CPU
		{03E30FBF-99E2-4430-98E4-F97018BA96F4}.Debug|x86.ActiveCfg = Debug|Any CPU
		{03E30FBF-99E2-4430-98E4-F97018BA96F4}.Debug|x86.Build.0 = Debug|Any CPU
		{03E30FBF-99E2-4430-98E4-F97018BA96F4}.Release|Any CPU.ActiveCfg = Release|Any CPU
		{03E30FBF-99E2-4430-98E4-F97018BA96F4}.Release|Any CPU.Build.0 = Release|Any CPU
		{03E30FBF-99E2-4430-98E4-F97018BA96F4}.Release|x64.ActiveCfg = Release|Any CPU
		{03E30FBF-99E2-4430-98E4-F97018BA96F4}.Release|x64.Build.0 = Release|Any CPU
		{03E30FBF-99E2-4430-98E4-F97018BA96F4}.Release|x86.ActiveCfg = Release|Any CPU
		{03E30FBF-99E2-4430-98E4-F97018BA96F4}.Release|x86.Build.0 = Release|Any CPU
		{4E7F99D9-BBC7-4686-AF4C-7249165C0057}.Debug|Any CPU.ActiveCfg = Debug|Any CPU
		{4E7F99D9-BBC7-4686-AF4C-7249165C0057}.Debug|Any CPU.Build.0 = Debug|Any CPU
		{4E7F99D9-BBC7-4686-AF4C-7249165C0057}.Debug|x64.ActiveCfg = Debug|Any CPU
		{4E7F99D9-BBC7-4686-AF4C-7249165C0057}.Debug|x64.Build.0 = Debug|Any CPU
		{4E7F99D9-BBC7-4686-AF4C-7249165C0057}.Debug|x86.ActiveCfg = Debug|Any CPU
		{4E7F99D9-BBC7-4686-AF4C-7249165C0057}.Debug|x86.Build.0 = Debug|Any CPU
		{4E7F99D9-BBC7-4686-AF4C-7249165C0057}.Release|Any CPU.ActiveCfg = Release|Any CPU
		{4E7F99D9-BBC7-4686-AF4C-7249165C0057}.Release|Any CPU.Build.0 = Release|Any CPU
		{4E7F99D9-BBC7-4686-AF4C-7249165C0057}.Release|x64.ActiveCfg = Release|Any CPU
		{4E7F99D9-BBC7-4686-AF4C-7249165C0057}.Release|x64.Build.0 = Release|Any CPU
		{4E7F99D9-BBC7-4686-AF4C-7249165C0057}.Release|x86.ActiveCfg = Release|Any CPU
		{4E7F99D9-BBC7-4686-AF4C-7249165C0057}.Release|x86.Build.0 = Release|Any CPU
		{8BBC6676-77A9-482F-A118-1121B614ADA2}.Debug|Any CPU.ActiveCfg = Debug|Any CPU
		{8BBC6676-77A9-482F-A118-1121B614ADA2}.Debug|Any CPU.Build.0 = Debug|Any CPU
		{8BBC6676-77A9-482F-A118-1121B614ADA2}.Debug|x64.ActiveCfg = Debug|Any CPU
		{8BBC6676-77A9-482F-A118-1121B614ADA2}.Debug|x64.Build.0 = Debug|Any CPU
		{8BBC6676-77A9-482F-A118-1121B614ADA2}.Debug|x86.ActiveCfg = Debug|Any CPU
		{8BBC6676-77A9-482F-A118-1121B614ADA2}.Debug|x86.Build.0 = Debug|Any CPU
		{8BBC6676-77A9-482F-A118-1121B614ADA2}.Release|Any CPU.ActiveCfg = Release|Any CPU
		{8BBC6676-77A9-482F-A118-1121B614ADA2}.Release|Any CPU.Build.0 = Release|Any CPU
		{8BBC6676-77A9-482F-A118-1121B614ADA2}.Release|x64.ActiveCfg = Release|Any CPU
		{8BBC6676-77A9-482F-A118-1121B614ADA2}.Release|x64.Build.0 = Release|Any CPU
		{8BBC6676-77A9-482F-A118-1121B614ADA2}.Release|x86.ActiveCfg = Release|Any CPU
		{8BBC6676-77A9-482F-A118-1121B614ADA2}.Release|x86.Build.0 = Release|Any CPU
		{F985D3A1-C708-4355-873D-064E4EEA1463}.Debug|Any CPU.ActiveCfg = Debug|Any CPU
		{F985D3A1-C708-4355-873D-064E4EEA1463}.Debug|Any CPU.Build.0 = Debug|Any CPU
		{F985D3A1-C708-4355-873D-064E4EEA1463}.Debug|x64.ActiveCfg = Debug|Any CPU
		{F985D3A1-C708-4355-873D-064E4EEA1463}.Debug|x64.Build.0 = Debug|Any CPU
		{F985D3A1-C708-4355-873D-064E4EEA1463}.Debug|x86.ActiveCfg = Debug|Any CPU
		{F985D3A1-C708-4355-873D-064E4EEA1463}.Debug|x86.Build.0 = Debug|Any CPU
		{F985D3A1-C708-4355-873D-064E4EEA1463}.Release|Any CPU.ActiveCfg = Release|Any CPU
		{F985D3A1-C708-4355-873D-064E4EEA1463}.Release|Any CPU.Build.0 = Release|Any CPU
		{F985D3A1-C708-4355-873D-064E4EEA1463}.Release|x64.ActiveCfg = Release|Any CPU
		{F985D3A1-C708-4355-873D-064E4EEA1463}.Release|x64.Build.0 = Release|Any CPU
		{F985D3A1-C708-4355-873D-064E4EEA1463}.Release|x86.ActiveCfg = Release|Any CPU
		{F985D3A1-C708-4355-873D-064E4EEA1463}.Release|x86.Build.0 = Release|Any CPU
		{0FDE94D6-35E5-4106-9354-06252E1F30F8}.Debug|Any CPU.ActiveCfg = Debug|Any CPU
		{0FDE94D6-35E5-4106-9354-06252E1F30F8}.Debug|Any CPU.Build.0 = Debug|Any CPU
		{0FDE94D6-35E5-4106-9354-06252E1F30F8}.Debug|x64.ActiveCfg = Debug|Any CPU
		{0FDE94D6-35E5-4106-9354-06252E1F30F8}.Debug|x64.Build.0 = Debug|Any CPU
		{0FDE94D6-35E5-4106-9354-06252E1F30F8}.Debug|x86.ActiveCfg = Debug|Any CPU
		{0FDE94D6-35E5-4106-9354-06252E1F30F8}.Debug|x86.Build.0 = Debug|Any CPU
		{0FDE94D6-35E5-4106-9354-06252E1F30F8}.Release|Any CPU.ActiveCfg = Release|Any CPU
		{0FDE94D6-35E5-4106-9354-06252E1F30F8}.Release|Any CPU.Build.0 = Release|Any CPU
		{0FDE94D6-35E5-4106-9354-06252E1F30F8}.Release|x64.ActiveCfg = Release|Any CPU
		{0FDE94D6-35E5-4106-9354-06252E1F30F8}.Release|x64.Build.0 = Release|Any CPU
		{0FDE94D6-35E5-4106-9354-06252E1F30F8}.Release|x86.ActiveCfg = Release|Any CPU
		{0FDE94D6-35E5-4106-9354-06252E1F30F8}.Release|x86.Build.0 = Release|Any CPU
		{5E1AFDE1-9898-40AA-B991-953866A8689A}.Debug|Any CPU.ActiveCfg = Debug|Any CPU
		{5E1AFDE1-9898-40AA-B991-953866A8689A}.Debug|Any CPU.Build.0 = Debug|Any CPU
		{5E1AFDE1-9898-40AA-B991-953866A8689A}.Debug|x64.ActiveCfg = Debug|Any CPU
		{5E1AFDE1-9898-40AA-B991-953866A8689A}.Debug|x64.Build.0 = Debug|Any CPU
		{5E1AFDE1-9898-40AA-B991-953866A8689A}.Debug|x86.ActiveCfg = Debug|Any CPU
		{5E1AFDE1-9898-40AA-B991-953866A8689A}.Debug|x86.Build.0 = Debug|Any CPU
		{5E1AFDE1-9898-40AA-B991-953866A8689A}.Release|Any CPU.ActiveCfg = Release|Any CPU
		{5E1AFDE1-9898-40AA-B991-953866A8689A}.Release|Any CPU.Build.0 = Release|Any CPU
		{5E1AFDE1-9898-40AA-B991-953866A8689A}.Release|x64.ActiveCfg = Release|Any CPU
		{5E1AFDE1-9898-40AA-B991-953866A8689A}.Release|x64.Build.0 = Release|Any CPU
		{5E1AFDE1-9898-40AA-B991-953866A8689A}.Release|x86.ActiveCfg = Release|Any CPU
		{5E1AFDE1-9898-40AA-B991-953866A8689A}.Release|x86.Build.0 = Release|Any CPU
		{FCFCEC3A-A0C4-4C18-B5D4-78B51848FFBB}.Debug|Any CPU.ActiveCfg = Debug|Any CPU
		{FCFCEC3A-A0C4-4C18-B5D4-78B51848FFBB}.Debug|Any CPU.Build.0 = Debug|Any CPU
		{FCFCEC3A-A0C4-4C18-B5D4-78B51848FFBB}.Debug|x64.ActiveCfg = Debug|Any CPU
		{FCFCEC3A-A0C4-4C18-B5D4-78B51848FFBB}.Debug|x64.Build.0 = Debug|Any CPU
		{FCFCEC3A-A0C4-4C18-B5D4-78B51848FFBB}.Debug|x86.ActiveCfg = Debug|Any CPU
		{FCFCEC3A-A0C4-4C18-B5D4-78B51848FFBB}.Debug|x86.Build.0 = Debug|Any CPU
		{FCFCEC3A-A0C4-4C18-B5D4-78B51848FFBB}.Release|Any CPU.ActiveCfg = Release|Any CPU
		{FCFCEC3A-A0C4-4C18-B5D4-78B51848FFBB}.Release|Any CPU.Build.0 = Release|Any CPU
		{FCFCEC3A-A0C4-4C18-B5D4-78B51848FFBB}.Release|x64.ActiveCfg = Release|Any CPU
		{FCFCEC3A-A0C4-4C18-B5D4-78B51848FFBB}.Release|x64.Build.0 = Release|Any CPU
		{FCFCEC3A-A0C4-4C18-B5D4-78B51848FFBB}.Release|x86.ActiveCfg = Release|Any CPU
		{FCFCEC3A-A0C4-4C18-B5D4-78B51848FFBB}.Release|x86.Build.0 = Release|Any CPU
		{1422A349-4036-4647-8E87-A214B40C3B7D}.Debug|Any CPU.ActiveCfg = Debug|Any CPU
		{1422A349-4036-4647-8E87-A214B40C3B7D}.Debug|Any CPU.Build.0 = Debug|Any CPU
		{1422A349-4036-4647-8E87-A214B40C3B7D}.Debug|x64.ActiveCfg = Debug|Any CPU
		{1422A349-4036-4647-8E87-A214B40C3B7D}.Debug|x64.Build.0 = Debug|Any CPU
		{1422A349-4036-4647-8E87-A214B40C3B7D}.Debug|x86.ActiveCfg = Debug|Any CPU
		{1422A349-4036-4647-8E87-A214B40C3B7D}.Debug|x86.Build.0 = Debug|Any CPU
		{1422A349-4036-4647-8E87-A214B40C3B7D}.Release|Any CPU.ActiveCfg = Release|Any CPU
		{1422A349-4036-4647-8E87-A214B40C3B7D}.Release|Any CPU.Build.0 = Release|Any CPU
		{1422A349-4036-4647-8E87-A214B40C3B7D}.Release|x64.ActiveCfg = Release|Any CPU
		{1422A349-4036-4647-8E87-A214B40C3B7D}.Release|x64.Build.0 = Release|Any CPU
		{1422A349-4036-4647-8E87-A214B40C3B7D}.Release|x86.ActiveCfg = Release|Any CPU
		{1422A349-4036-4647-8E87-A214B40C3B7D}.Release|x86.Build.0 = Release|Any CPU
		{E7AF92A8-66F8-41C1-8EC2-C02236978992}.Debug|Any CPU.ActiveCfg = Debug|Any CPU
		{E7AF92A8-66F8-41C1-8EC2-C02236978992}.Debug|Any CPU.Build.0 = Debug|Any CPU
		{E7AF92A8-66F8-41C1-8EC2-C02236978992}.Debug|x64.ActiveCfg = Debug|Any CPU
		{E7AF92A8-66F8-41C1-8EC2-C02236978992}.Debug|x64.Build.0 = Debug|Any CPU
		{E7AF92A8-66F8-41C1-8EC2-C02236978992}.Debug|x86.ActiveCfg = Debug|Any CPU
		{E7AF92A8-66F8-41C1-8EC2-C02236978992}.Debug|x86.Build.0 = Debug|Any CPU
		{E7AF92A8-66F8-41C1-8EC2-C02236978992}.Release|Any CPU.ActiveCfg = Release|Any CPU
		{E7AF92A8-66F8-41C1-8EC2-C02236978992}.Release|Any CPU.Build.0 = Release|Any CPU
		{E7AF92A8-66F8-41C1-8EC2-C02236978992}.Release|x64.ActiveCfg = Release|Any CPU
		{E7AF92A8-66F8-41C1-8EC2-C02236978992}.Release|x64.Build.0 = Release|Any CPU
		{E7AF92A8-66F8-41C1-8EC2-C02236978992}.Release|x86.ActiveCfg = Release|Any CPU
		{E7AF92A8-66F8-41C1-8EC2-C02236978992}.Release|x86.Build.0 = Release|Any CPU
		{BC791E78-80C3-4284-B022-E7A54637C441}.Debug|Any CPU.ActiveCfg = Debug|Any CPU
		{BC791E78-80C3-4284-B022-E7A54637C441}.Debug|Any CPU.Build.0 = Debug|Any CPU
		{BC791E78-80C3-4284-B022-E7A54637C441}.Debug|x64.ActiveCfg = Debug|Any CPU
		{BC791E78-80C3-4284-B022-E7A54637C441}.Debug|x64.Build.0 = Debug|Any CPU
		{BC791E78-80C3-4284-B022-E7A54637C441}.Debug|x86.ActiveCfg = Debug|Any CPU
		{BC791E78-80C3-4284-B022-E7A54637C441}.Debug|x86.Build.0 = Debug|Any CPU
		{BC791E78-80C3-4284-B022-E7A54637C441}.Release|Any CPU.ActiveCfg = Release|Any CPU
		{BC791E78-80C3-4284-B022-E7A54637C441}.Release|Any CPU.Build.0 = Release|Any CPU
		{BC791E78-80C3-4284-B022-E7A54637C441}.Release|x64.ActiveCfg = Release|Any CPU
		{BC791E78-80C3-4284-B022-E7A54637C441}.Release|x64.Build.0 = Release|Any CPU
		{BC791E78-80C3-4284-B022-E7A54637C441}.Release|x86.ActiveCfg = Release|Any CPU
		{BC791E78-80C3-4284-B022-E7A54637C441}.Release|x86.Build.0 = Release|Any CPU
	EndGlobalSection
	GlobalSection(SolutionProperties) = preSolution
		HideSolutionNode = FALSE
	EndGlobalSection
	GlobalSection(ExtensibilityGlobals) = postSolution
		SolutionGuid = {7469320A-B3A9-4FBA-83E7-DC63B2CF6512}
	EndGlobalSection
EndGlobal
